
Microsoft Visual Studio Solution File, Format Version 12.00
# Visual Studio Version 17
VisualStudioVersion = 17.11.35208.52
MinimumVisualStudioVersion = 10.0.40219.1
Project("{FAE04EC0-301F-11D3-BF4B-00C04F79EFBC}") = "Panel de actualizacion", "Panel de actualizacion\Panel de actualizacion.csproj", "{68319DBC-5BAF-4D24-B7E1-273F0D135E96}"
EndProject
Global
	GlobalSection(SolutionConfigurationPlatforms) = preSolution
		Debug|Any CPU = Debug|Any CPU
		Release|Any CPU = Release|Any CPU
	EndGlobalSection
	GlobalSection(ProjectConfigurationPlatforms) = postSolution
		{68319DBC-5BAF-4D24-B7E1-273F0D135E96}.Debug|Any CPU.ActiveCfg = Debug|Any CPU
		{68319DBC-5BAF-4D24-B7E1-273F0D135E96}.Debug|Any CPU.Build.0 = Debug|Any CPU
		{68319DBC-5BAF-4D24-B7E1-273F0D135E96}.Release|Any CPU.ActiveCfg = Release|Any CPU
		{68319DBC-5BAF-4D24-B7E1-273F0D135E96}.Release|Any CPU.Build.0 = Release|Any CPU
	EndGlobalSection
	GlobalSection(SolutionProperties) = preSolution
		HideSolutionNode = FALSE
	EndGlobalSection
	GlobalSection(ExtensibilityGlobals) = postSolution
		SolutionGuid = {60D42B60-FAB7-4B29-9264-8DD2DFDFB764}
	EndGlobalSection
EndGlobal
